// !$*UTF8*$!
{
	archiveVersion = 1;
	classes = {
	};
	objectVersion = 55;
	objects = {

/* Begin PBXBuildFile section */
		22546077280DC17C007EB1A4 /* CamperViewModel.swift in Sources */ = {isa = PBXBuildFile; fileRef = 22546076280DC17C007EB1A4 /* CamperViewModel.swift */; };
		22546079280DC183007EB1A4 /* EventViewModel.swift in Sources */ = {isa = PBXBuildFile; fileRef = 22546078280DC183007EB1A4 /* EventViewModel.swift */; };
		2254607B280DC18E007EB1A4 /* CounselorScheduleViewModel.swift in Sources */ = {isa = PBXBuildFile; fileRef = 2254607A280DC18E007EB1A4 /* CounselorScheduleViewModel.swift */; };
		2254607D280DC1B9007EB1A4 /* Binder.swift in Sources */ = {isa = PBXBuildFile; fileRef = 2254607C280DC1B9007EB1A4 /* Binder.swift */; };
		22588CF0281066D800661012 /* CounselorScheduleViewController.swift in Sources */ = {isa = PBXBuildFile; fileRef = 22588CEF281066D800661012 /* CounselorScheduleViewController.swift */; };
		22588CF8281335A600661012 /* Counselor.swift in Sources */ = {isa = PBXBuildFile; fileRef = 22588CF7281335A600661012 /* Counselor.swift */; };
		22588CFA2813364500661012 /* CounselorViewModel.swift in Sources */ = {isa = PBXBuildFile; fileRef = 22588CF92813364500661012 /* CounselorViewModel.swift */; };
		22861CFF28470C0700CEFC57 /* DayOffTableViewController.swift in Sources */ = {isa = PBXBuildFile; fileRef = 22861CFE28470C0700CEFC57 /* DayOffTableViewController.swift */; };
		22861D0128471A2F00CEFC57 /* ThreeCollectionViewCell.swift in Sources */ = {isa = PBXBuildFile; fileRef = 22861D0028471A2F00CEFC57 /* ThreeCollectionViewCell.swift */; };
		22861D03284740A300CEFC57 /* DayOffConflict.swift in Sources */ = {isa = PBXBuildFile; fileRef = 22861D02284740A300CEFC57 /* DayOffConflict.swift */; };
		22956B6127FF636900F9AA46 /* AppDelegate.swift in Sources */ = {isa = PBXBuildFile; fileRef = 22956B6027FF636900F9AA46 /* AppDelegate.swift */; };
		22956B6327FF636900F9AA46 /* SceneDelegate.swift in Sources */ = {isa = PBXBuildFile; fileRef = 22956B6227FF636900F9AA46 /* SceneDelegate.swift */; };
		22956B6827FF636900F9AA46 /* Main.storyboard in Resources */ = {isa = PBXBuildFile; fileRef = 22956B6627FF636900F9AA46 /* Main.storyboard */; };
		22956B6A27FF636A00F9AA46 /* Assets.xcassets in Resources */ = {isa = PBXBuildFile; fileRef = 22956B6927FF636A00F9AA46 /* Assets.xcassets */; };
		22956B6D27FF636A00F9AA46 /* LaunchScreen.storyboard in Resources */ = {isa = PBXBuildFile; fileRef = 22956B6B27FF636A00F9AA46 /* LaunchScreen.storyboard */; };
		22956B7527FF639D00F9AA46 /* ResourceRequest.swift in Sources */ = {isa = PBXBuildFile; fileRef = 22956B7427FF639D00F9AA46 /* ResourceRequest.swift */; };
		22956B7827FF687800F9AA46 /* CampersTableViewController.swift in Sources */ = {isa = PBXBuildFile; fileRef = 22956B7727FF687800F9AA46 /* CampersTableViewController.swift */; };
		22956B7B27FF68B800F9AA46 /* Campers.swift in Sources */ = {isa = PBXBuildFile; fileRef = 22956B7A27FF68B800F9AA46 /* Campers.swift */; };
		22956B7D27FF708700F9AA46 /* Groups.swift in Sources */ = {isa = PBXBuildFile; fileRef = 22956B7C27FF708700F9AA46 /* Groups.swift */; };
		22956B7F27FF710800F9AA46 /* Cabin.swift in Sources */ = {isa = PBXBuildFile; fileRef = 22956B7E27FF710800F9AA46 /* Cabin.swift */; };
		22956B8227FFB17C00F9AA46 /* CamperDetailTableViewController.swift in Sources */ = {isa = PBXBuildFile; fileRef = 22956B8127FFB17C00F9AA46 /* CamperDetailTableViewController.swift */; };
		22956B852800935900F9AA46 /* CalendarKit in Frameworks */ = {isa = PBXBuildFile; productRef = 22956B842800935900F9AA46 /* CalendarKit */; };
		229B2E6928307F5B00335D71 /* CounselorOptionsTableViewCell.swift in Sources */ = {isa = PBXBuildFile; fileRef = 229B2E6728307F5B00335D71 /* CounselorOptionsTableViewCell.swift */; };
		229B2E6A28307F5B00335D71 /* CounselorOptionsTableViewCell.xib in Resources */ = {isa = PBXBuildFile; fileRef = 229B2E6828307F5B00335D71 /* CounselorOptionsTableViewCell.xib */; };
		229B2E6D2830928200335D71 /* RVS-AutofillTextField in Frameworks */ = {isa = PBXBuildFile; productRef = 229B2E6C2830928200335D71 /* RVS-AutofillTextField */; };
		22A1467F281D968F0027CC7C /* ConcertCollectionViewCell.swift in Sources */ = {isa = PBXBuildFile; fileRef = 22A1467E281D968F0027CC7C /* ConcertCollectionViewCell.swift */; };
		22B212FD280331C7006BA092 /* FilteredCamperTableViewController.swift in Sources */ = {isa = PBXBuildFile; fileRef = 22B212FC280331C7006BA092 /* FilteredCamperTableViewController.swift */; };
		22C653EB281B8A34007FACF4 /* FourCollectionViewCell.swift in Sources */ = {isa = PBXBuildFile; fileRef = 22C653EA281B8A34007FACF4 /* FourCollectionViewCell.swift */; };
		22C653ED281B8E3B007FACF4 /* TwoCollectionViewCell.swift in Sources */ = {isa = PBXBuildFile; fileRef = 22C653EC281B8E3B007FACF4 /* TwoCollectionViewCell.swift */; };
		22C653EF281B91FA007FACF4 /* OneCollectionViewCell.swift in Sources */ = {isa = PBXBuildFile; fileRef = 22C653EE281B91FA007FACF4 /* OneCollectionViewCell.swift */; };
		22C653F1281B9419007FACF4 /* DayCollectionViewCell.swift in Sources */ = {isa = PBXBuildFile; fileRef = 22C653F0281B9419007FACF4 /* DayCollectionViewCell.swift */; };
		22C653F4281BA31F007FACF4 /* ChooseFourTableViewController.swift in Sources */ = {isa = PBXBuildFile; fileRef = 22C653F3281BA31F007FACF4 /* ChooseFourTableViewController.swift */; };
		22C653F6281BB014007FACF4 /* ChooseTwoTableViewController.swift in Sources */ = {isa = PBXBuildFile; fileRef = 22C653F5281BB014007FACF4 /* ChooseTwoTableViewController.swift */; };
		22C653F8281C7E04007FACF4 /* ChooseOneTableViewController.swift in Sources */ = {isa = PBXBuildFile; fileRef = 22C653F7281C7E04007FACF4 /* ChooseOneTableViewController.swift */; };
		22C653FA281CAD30007FACF4 /* Shift.swift in Sources */ = {isa = PBXBuildFile; fileRef = 22C653F9281CAD30007FACF4 /* Shift.swift */; };
		22C653FC281CB16C007FACF4 /* ShiftViewModel.swift in Sources */ = {isa = PBXBuildFile; fileRef = 22C653FB281CB16C007FACF4 /* ShiftViewModel.swift */; };
		22DE2A53285BF05D00197973 /* SupervisionPrintViewController.swift in Sources */ = {isa = PBXBuildFile; fileRef = 22DE2A52285BF05D00197973 /* SupervisionPrintViewController.swift */; };
		22E4FAF7280729F400EA194F /* Auth.swift in Sources */ = {isa = PBXBuildFile; fileRef = 22E4FAF6280729F400EA194F /* Auth.swift */; };
		22E4FAF928072A2000EA194F /* Auth+Keychain.swift in Sources */ = {isa = PBXBuildFile; fileRef = 22E4FAF828072A2000EA194F /* Auth+Keychain.swift */; };
		22E4FAFB28072A5A00EA194F /* User.swift in Sources */ = {isa = PBXBuildFile; fileRef = 22E4FAFA28072A5A00EA194F /* User.swift */; };
		22E4FAFD28072B1800EA194F /* Login.storyboard in Resources */ = {isa = PBXBuildFile; fileRef = 22E4FAFC28072B1800EA194F /* Login.storyboard */; };
		22E4FAFF28072C5B00EA194F /* LoginTableViewController.swift in Sources */ = {isa = PBXBuildFile; fileRef = 22E4FAFE28072C5B00EA194F /* LoginTableViewController.swift */; };
		22E4FB0128072E2700EA194F /* ErrorPresenter.swift in Sources */ = {isa = PBXBuildFile; fileRef = 22E4FB0028072E2700EA194F /* ErrorPresenter.swift */; };
		22E4FB052809CCE900EA194F /* AdminTableViewController.swift in Sources */ = {isa = PBXBuildFile; fileRef = 22E4FB042809CCE900EA194F /* AdminTableViewController.swift */; };
		22E4FB09280B891600EA194F /* DataStorage.swift in Sources */ = {isa = PBXBuildFile; fileRef = 22E4FB08280B891600EA194F /* DataStorage.swift */; };
		22E4FB0C280BC2AE00EA194F /* FiresideLocusModel.xcdatamodeld in Sources */ = {isa = PBXBuildFile; fileRef = 22E4FB0A280BC2AE00EA194F /* FiresideLocusModel.xcdatamodeld */; };
		22E58474285D4BE8005A0F44 /* PDFCreator.swift in Sources */ = {isa = PBXBuildFile; fileRef = 22E58473285D4BE8005A0F44 /* PDFCreator.swift */; };
		22E5849B286200A2005A0F44 /* ShiftCollectionViewCell.swift in Sources */ = {isa = PBXBuildFile; fileRef = 22E5849A286200A2005A0F44 /* ShiftCollectionViewCell.swift */; };
		22E5849D286200B4005A0F44 /* CounselorSingleCollectionViewCell.swift in Sources */ = {isa = PBXBuildFile; fileRef = 22E5849C286200B4005A0F44 /* CounselorSingleCollectionViewCell.swift */; };
		22E5849F286200C0005A0F44 /* CounselorDoubleCollectionViewCell.swift in Sources */ = {isa = PBXBuildFile; fileRef = 22E5849E286200C0005A0F44 /* CounselorDoubleCollectionViewCell.swift */; };
		22E584A1286200C8005A0F44 /* EveningActivityCollectionViewCell.swift in Sources */ = {isa = PBXBuildFile; fileRef = 22E584A0286200C8005A0F44 /* EveningActivityCollectionViewCell.swift */; };
		22E584A3286201A3005A0F44 /* BlankCollectionViewCell.swift in Sources */ = {isa = PBXBuildFile; fileRef = 22E584A2286201A3005A0F44 /* BlankCollectionViewCell.swift */; };
		22E584A52862024F005A0F44 /* EveningActivityShiftCollectionViewCell.swift in Sources */ = {isa = PBXBuildFile; fileRef = 22E584A42862024F005A0F44 /* EveningActivityShiftCollectionViewCell.swift */; };
		22E584A72862025A005A0F44 /* DoubleShiftCollectionViewCell.swift in Sources */ = {isa = PBXBuildFile; fileRef = 22E584A62862025A005A0F44 /* DoubleShiftCollectionViewCell.swift */; };
		22E584A9286203DB005A0F44 /* PrintSchedulesViewController.swift in Sources */ = {isa = PBXBuildFile; fileRef = 22E584A8286203DB005A0F44 /* PrintSchedulesViewController.swift */; };
		22FAED62280094F000A537F1 /* ScheduleViewController.swift in Sources */ = {isa = PBXBuildFile; fileRef = 22FAED61280094F000A537F1 /* ScheduleViewController.swift */; };
		22FAED672800BC1500A537F1 /* ScheduledEvent.swift in Sources */ = {isa = PBXBuildFile; fileRef = 22FAED662800BC1500A537F1 /* ScheduledEvent.swift */; };
		22FAED692800CA1900A537F1 /* ScheduleDetailsTableViewController.swift in Sources */ = {isa = PBXBuildFile; fileRef = 22FAED682800CA1900A537F1 /* ScheduleDetailsTableViewController.swift */; };
		22FAED722800EE1600A537F1 /* CamperSearchDataSource.swift in Sources */ = {isa = PBXBuildFile; fileRef = 22FAED712800EE1600A537F1 /* CamperSearchDataSource.swift */; };
		22FAED742800EE1D00A537F1 /* CamperSearchDelegate.swift in Sources */ = {isa = PBXBuildFile; fileRef = 22FAED732800EE1D00A537F1 /* CamperSearchDelegate.swift */; };
		22FEDD55286205D100ECEAE5 /* DayLabelCollectionViewCell.swift in Sources */ = {isa = PBXBuildFile; fileRef = 22FEDD54286205D100ECEAE5 /* DayLabelCollectionViewCell.swift */; };
		22FEDD57286237C400ECEAE5 /* RecShiftCollectionViewCell.swift in Sources */ = {isa = PBXBuildFile; fileRef = 22FEDD56286237C400ECEAE5 /* RecShiftCollectionViewCell.swift */; };
		22FEDD59286237CC00ECEAE5 /* RecCounselorSingleCollectionViewCell.swift in Sources */ = {isa = PBXBuildFile; fileRef = 22FEDD58286237CC00ECEAE5 /* RecCounselorSingleCollectionViewCell.swift */; };
		22FEDD5B286237D700ECEAE5 /* RecCounselorDoubleCollectionViewCell.swift in Sources */ = {isa = PBXBuildFile; fileRef = 22FEDD5A286237D700ECEAE5 /* RecCounselorDoubleCollectionViewCell.swift */; };
		22FEDD5D286237DF00ECEAE5 /* RecBlankCollectionViewCell.swift in Sources */ = {isa = PBXBuildFile; fileRef = 22FEDD5C286237DF00ECEAE5 /* RecBlankCollectionViewCell.swift */; };
		22FEDD5F286237F400ECEAE5 /* RecDoubleShiftCollectionViewCell.swift in Sources */ = {isa = PBXBuildFile; fileRef = 22FEDD5E286237F400ECEAE5 /* RecDoubleShiftCollectionViewCell.swift */; };
		22FEDD612862380300ECEAE5 /* RecDayLableCollectionViewCell.swift in Sources */ = {isa = PBXBuildFile; fileRef = 22FEDD602862380300ECEAE5 /* RecDayLableCollectionViewCell.swift */; };
		22FEDD652862B4C800ECEAE5 /* YesterdayViewController.swift in Sources */ = {isa = PBXBuildFile; fileRef = 22FEDD642862B4C800ECEAE5 /* YesterdayViewController.swift */; };
/* End PBXBuildFile section */

/* Begin PBXFileReference section */
		22546076280DC17C007EB1A4 /* CamperViewModel.swift */ = {isa = PBXFileReference; lastKnownFileType = sourcecode.swift; path = CamperViewModel.swift; sourceTree = "<group>"; };
		22546078280DC183007EB1A4 /* EventViewModel.swift */ = {isa = PBXFileReference; lastKnownFileType = sourcecode.swift; path = EventViewModel.swift; sourceTree = "<group>"; };
		2254607A280DC18E007EB1A4 /* CounselorScheduleViewModel.swift */ = {isa = PBXFileReference; lastKnownFileType = sourcecode.swift; path = CounselorScheduleViewModel.swift; sourceTree = "<group>"; };
		2254607C280DC1B9007EB1A4 /* Binder.swift */ = {isa = PBXFileReference; lastKnownFileType = sourcecode.swift; path = Binder.swift; sourceTree = "<group>"; };
		22588CEF281066D800661012 /* CounselorScheduleViewController.swift */ = {isa = PBXFileReference; lastKnownFileType = sourcecode.swift; path = CounselorScheduleViewController.swift; sourceTree = "<group>"; };
		22588CF7281335A600661012 /* Counselor.swift */ = {isa = PBXFileReference; lastKnownFileType = sourcecode.swift; path = Counselor.swift; sourceTree = "<group>"; };
		22588CF92813364500661012 /* CounselorViewModel.swift */ = {isa = PBXFileReference; lastKnownFileType = sourcecode.swift; path = CounselorViewModel.swift; sourceTree = "<group>"; };
		22861CFE28470C0700CEFC57 /* DayOffTableViewController.swift */ = {isa = PBXFileReference; lastKnownFileType = sourcecode.swift; path = DayOffTableViewController.swift; sourceTree = "<group>"; };
		22861D0028471A2F00CEFC57 /* ThreeCollectionViewCell.swift */ = {isa = PBXFileReference; lastKnownFileType = sourcecode.swift; path = ThreeCollectionViewCell.swift; sourceTree = "<group>"; };
		22861D02284740A300CEFC57 /* DayOffConflict.swift */ = {isa = PBXFileReference; lastKnownFileType = sourcecode.swift; path = DayOffConflict.swift; sourceTree = "<group>"; };
		22956B5D27FF636900F9AA46 /* Fireside Locus.app */ = {isa = PBXFileReference; explicitFileType = wrapper.application; includeInIndex = 0; path = "Fireside Locus.app"; sourceTree = BUILT_PRODUCTS_DIR; };
		22956B6027FF636900F9AA46 /* AppDelegate.swift */ = {isa = PBXFileReference; lastKnownFileType = sourcecode.swift; path = AppDelegate.swift; sourceTree = "<group>"; };
		22956B6227FF636900F9AA46 /* SceneDelegate.swift */ = {isa = PBXFileReference; lastKnownFileType = sourcecode.swift; path = SceneDelegate.swift; sourceTree = "<group>"; };
		22956B6727FF636900F9AA46 /* Base */ = {isa = PBXFileReference; lastKnownFileType = file.storyboard; name = Base; path = Base.lproj/Main.storyboard; sourceTree = "<group>"; };
		22956B6927FF636A00F9AA46 /* Assets.xcassets */ = {isa = PBXFileReference; lastKnownFileType = folder.assetcatalog; path = Assets.xcassets; sourceTree = "<group>"; };
		22956B6C27FF636A00F9AA46 /* Base */ = {isa = PBXFileReference; lastKnownFileType = file.storyboard; name = Base; path = Base.lproj/LaunchScreen.storyboard; sourceTree = "<group>"; };
		22956B6E27FF636A00F9AA46 /* Info.plist */ = {isa = PBXFileReference; lastKnownFileType = text.plist.xml; path = Info.plist; sourceTree = "<group>"; };
		22956B7427FF639D00F9AA46 /* ResourceRequest.swift */ = {isa = PBXFileReference; lastKnownFileType = sourcecode.swift; path = ResourceRequest.swift; sourceTree = "<group>"; };
		22956B7727FF687800F9AA46 /* CampersTableViewController.swift */ = {isa = PBXFileReference; lastKnownFileType = sourcecode.swift; path = CampersTableViewController.swift; sourceTree = "<group>"; };
		22956B7A27FF68B800F9AA46 /* Campers.swift */ = {isa = PBXFileReference; lastKnownFileType = sourcecode.swift; path = Campers.swift; sourceTree = "<group>"; };
		22956B7C27FF708700F9AA46 /* Groups.swift */ = {isa = PBXFileReference; lastKnownFileType = sourcecode.swift; path = Groups.swift; sourceTree = "<group>"; };
		22956B7E27FF710800F9AA46 /* Cabin.swift */ = {isa = PBXFileReference; lastKnownFileType = sourcecode.swift; path = Cabin.swift; sourceTree = "<group>"; };
		22956B8127FFB17C00F9AA46 /* CamperDetailTableViewController.swift */ = {isa = PBXFileReference; lastKnownFileType = sourcecode.swift; path = CamperDetailTableViewController.swift; sourceTree = "<group>"; };
		229B2E6728307F5B00335D71 /* CounselorOptionsTableViewCell.swift */ = {isa = PBXFileReference; lastKnownFileType = sourcecode.swift; path = CounselorOptionsTableViewCell.swift; sourceTree = "<group>"; };
		229B2E6828307F5B00335D71 /* CounselorOptionsTableViewCell.xib */ = {isa = PBXFileReference; lastKnownFileType = file.xib; path = CounselorOptionsTableViewCell.xib; sourceTree = "<group>"; };
		22A1467E281D968F0027CC7C /* ConcertCollectionViewCell.swift */ = {isa = PBXFileReference; lastKnownFileType = sourcecode.swift; path = ConcertCollectionViewCell.swift; sourceTree = "<group>"; };
		22B212FC280331C7006BA092 /* FilteredCamperTableViewController.swift */ = {isa = PBXFileReference; lastKnownFileType = sourcecode.swift; path = FilteredCamperTableViewController.swift; sourceTree = "<group>"; };
		22C653EA281B8A34007FACF4 /* FourCollectionViewCell.swift */ = {isa = PBXFileReference; lastKnownFileType = sourcecode.swift; path = FourCollectionViewCell.swift; sourceTree = "<group>"; };
		22C653EC281B8E3B007FACF4 /* TwoCollectionViewCell.swift */ = {isa = PBXFileReference; lastKnownFileType = sourcecode.swift; path = TwoCollectionViewCell.swift; sourceTree = "<group>"; };
		22C653EE281B91FA007FACF4 /* OneCollectionViewCell.swift */ = {isa = PBXFileReference; lastKnownFileType = sourcecode.swift; path = OneCollectionViewCell.swift; sourceTree = "<group>"; };
		22C653F0281B9419007FACF4 /* DayCollectionViewCell.swift */ = {isa = PBXFileReference; lastKnownFileType = sourcecode.swift; path = DayCollectionViewCell.swift; sourceTree = "<group>"; };
		22C653F3281BA31F007FACF4 /* ChooseFourTableViewController.swift */ = {isa = PBXFileReference; lastKnownFileType = sourcecode.swift; path = ChooseFourTableViewController.swift; sourceTree = "<group>"; };
		22C653F5281BB014007FACF4 /* ChooseTwoTableViewController.swift */ = {isa = PBXFileReference; lastKnownFileType = sourcecode.swift; path = ChooseTwoTableViewController.swift; sourceTree = "<group>"; };
		22C653F7281C7E04007FACF4 /* ChooseOneTableViewController.swift */ = {isa = PBXFileReference; lastKnownFileType = sourcecode.swift; path = ChooseOneTableViewController.swift; sourceTree = "<group>"; };
		22C653F9281CAD30007FACF4 /* Shift.swift */ = {isa = PBXFileReference; lastKnownFileType = sourcecode.swift; path = Shift.swift; sourceTree = "<group>"; };
		22C653FB281CB16C007FACF4 /* ShiftViewModel.swift */ = {isa = PBXFileReference; lastKnownFileType = sourcecode.swift; path = ShiftViewModel.swift; sourceTree = "<group>"; };
		22DE2A52285BF05D00197973 /* SupervisionPrintViewController.swift */ = {isa = PBXFileReference; lastKnownFileType = sourcecode.swift; path = SupervisionPrintViewController.swift; sourceTree = "<group>"; };
		22E4FAF6280729F400EA194F /* Auth.swift */ = {isa = PBXFileReference; lastKnownFileType = sourcecode.swift; path = Auth.swift; sourceTree = "<group>"; };
		22E4FAF828072A2000EA194F /* Auth+Keychain.swift */ = {isa = PBXFileReference; lastKnownFileType = sourcecode.swift; path = "Auth+Keychain.swift"; sourceTree = "<group>"; };
		22E4FAFA28072A5A00EA194F /* User.swift */ = {isa = PBXFileReference; lastKnownFileType = sourcecode.swift; path = User.swift; sourceTree = "<group>"; };
		22E4FAFC28072B1800EA194F /* Login.storyboard */ = {isa = PBXFileReference; lastKnownFileType = file.storyboard; path = Login.storyboard; sourceTree = "<group>"; };
		22E4FAFE28072C5B00EA194F /* LoginTableViewController.swift */ = {isa = PBXFileReference; lastKnownFileType = sourcecode.swift; path = LoginTableViewController.swift; sourceTree = "<group>"; };
		22E4FB0028072E2700EA194F /* ErrorPresenter.swift */ = {isa = PBXFileReference; lastKnownFileType = sourcecode.swift; path = ErrorPresenter.swift; sourceTree = "<group>"; };
		22E4FB042809CCE900EA194F /* AdminTableViewController.swift */ = {isa = PBXFileReference; lastKnownFileType = sourcecode.swift; path = AdminTableViewController.swift; sourceTree = "<group>"; };
		22E4FB08280B891600EA194F /* DataStorage.swift */ = {isa = PBXFileReference; lastKnownFileType = sourcecode.swift; path = DataStorage.swift; sourceTree = "<group>"; };
		22E4FB0B280BC2AE00EA194F /* FiresideLocusModel.xcdatamodel */ = {isa = PBXFileReference; lastKnownFileType = wrapper.xcdatamodel; path = FiresideLocusModel.xcdatamodel; sourceTree = "<group>"; };
		22E58473285D4BE8005A0F44 /* PDFCreator.swift */ = {isa = PBXFileReference; lastKnownFileType = sourcecode.swift; path = PDFCreator.swift; sourceTree = "<group>"; };
		22E5849A286200A2005A0F44 /* ShiftCollectionViewCell.swift */ = {isa = PBXFileReference; lastKnownFileType = sourcecode.swift; path = ShiftCollectionViewCell.swift; sourceTree = "<group>"; };
		22E5849C286200B4005A0F44 /* CounselorSingleCollectionViewCell.swift */ = {isa = PBXFileReference; lastKnownFileType = sourcecode.swift; path = CounselorSingleCollectionViewCell.swift; sourceTree = "<group>"; };
		22E5849E286200C0005A0F44 /* CounselorDoubleCollectionViewCell.swift */ = {isa = PBXFileReference; lastKnownFileType = sourcecode.swift; path = CounselorDoubleCollectionViewCell.swift; sourceTree = "<group>"; };
		22E584A0286200C8005A0F44 /* EveningActivityCollectionViewCell.swift */ = {isa = PBXFileReference; lastKnownFileType = sourcecode.swift; path = EveningActivityCollectionViewCell.swift; sourceTree = "<group>"; };
		22E584A2286201A3005A0F44 /* BlankCollectionViewCell.swift */ = {isa = PBXFileReference; lastKnownFileType = sourcecode.swift; path = BlankCollectionViewCell.swift; sourceTree = "<group>"; };
		22E584A42862024F005A0F44 /* EveningActivityShiftCollectionViewCell.swift */ = {isa = PBXFileReference; lastKnownFileType = sourcecode.swift; path = EveningActivityShiftCollectionViewCell.swift; sourceTree = "<group>"; };
		22E584A62862025A005A0F44 /* DoubleShiftCollectionViewCell.swift */ = {isa = PBXFileReference; lastKnownFileType = sourcecode.swift; path = DoubleShiftCollectionViewCell.swift; sourceTree = "<group>"; };
		22E584A8286203DB005A0F44 /* PrintSchedulesViewController.swift */ = {isa = PBXFileReference; lastKnownFileType = sourcecode.swift; path = PrintSchedulesViewController.swift; sourceTree = "<group>"; };
		22FAED61280094F000A537F1 /* ScheduleViewController.swift */ = {isa = PBXFileReference; lastKnownFileType = sourcecode.swift; path = ScheduleViewController.swift; sourceTree = "<group>"; };
		22FAED662800BC1500A537F1 /* ScheduledEvent.swift */ = {isa = PBXFileReference; lastKnownFileType = sourcecode.swift; path = ScheduledEvent.swift; sourceTree = "<group>"; };
		22FAED682800CA1900A537F1 /* ScheduleDetailsTableViewController.swift */ = {isa = PBXFileReference; lastKnownFileType = sourcecode.swift; path = ScheduleDetailsTableViewController.swift; sourceTree = "<group>"; };
		22FAED712800EE1600A537F1 /* CamperSearchDataSource.swift */ = {isa = PBXFileReference; lastKnownFileType = sourcecode.swift; path = CamperSearchDataSource.swift; sourceTree = "<group>"; };
		22FAED732800EE1D00A537F1 /* CamperSearchDelegate.swift */ = {isa = PBXFileReference; lastKnownFileType = sourcecode.swift; path = CamperSearchDelegate.swift; sourceTree = "<group>"; };
		22FEDD54286205D100ECEAE5 /* DayLabelCollectionViewCell.swift */ = {isa = PBXFileReference; lastKnownFileType = sourcecode.swift; path = DayLabelCollectionViewCell.swift; sourceTree = "<group>"; };
		22FEDD56286237C400ECEAE5 /* RecShiftCollectionViewCell.swift */ = {isa = PBXFileReference; lastKnownFileType = sourcecode.swift; path = RecShiftCollectionViewCell.swift; sourceTree = "<group>"; };
		22FEDD58286237CC00ECEAE5 /* RecCounselorSingleCollectionViewCell.swift */ = {isa = PBXFileReference; lastKnownFileType = sourcecode.swift; path = RecCounselorSingleCollectionViewCell.swift; sourceTree = "<group>"; };
		22FEDD5A286237D700ECEAE5 /* RecCounselorDoubleCollectionViewCell.swift */ = {isa = PBXFileReference; lastKnownFileType = sourcecode.swift; path = RecCounselorDoubleCollectionViewCell.swift; sourceTree = "<group>"; };
		22FEDD5C286237DF00ECEAE5 /* RecBlankCollectionViewCell.swift */ = {isa = PBXFileReference; lastKnownFileType = sourcecode.swift; path = RecBlankCollectionViewCell.swift; sourceTree = "<group>"; };
		22FEDD5E286237F400ECEAE5 /* RecDoubleShiftCollectionViewCell.swift */ = {isa = PBXFileReference; lastKnownFileType = sourcecode.swift; path = RecDoubleShiftCollectionViewCell.swift; sourceTree = "<group>"; };
		22FEDD602862380300ECEAE5 /* RecDayLableCollectionViewCell.swift */ = {isa = PBXFileReference; lastKnownFileType = sourcecode.swift; path = RecDayLableCollectionViewCell.swift; sourceTree = "<group>"; };
		22FEDD642862B4C800ECEAE5 /* YesterdayViewController.swift */ = {isa = PBXFileReference; lastKnownFileType = sourcecode.swift; path = YesterdayViewController.swift; sourceTree = "<group>"; };
/* End PBXFileReference section */

/* Begin PBXFrameworksBuildPhase section */
		22956B5A27FF636900F9AA46 /* Frameworks */ = {
			isa = PBXFrameworksBuildPhase;
			buildActionMask = 2147483647;
			files = (
				229B2E6D2830928200335D71 /* RVS-AutofillTextField in Frameworks */,
				22956B852800935900F9AA46 /* CalendarKit in Frameworks */,
			);
			runOnlyForDeploymentPostprocessing = 0;
		};
/* End PBXFrameworksBuildPhase section */

/* Begin PBXGroup section */
		22546075280DC171007EB1A4 /* View Models */ = {
			isa = PBXGroup;
			children = (
				22546076280DC17C007EB1A4 /* CamperViewModel.swift */,
				22546078280DC183007EB1A4 /* EventViewModel.swift */,
				2254607A280DC18E007EB1A4 /* CounselorScheduleViewModel.swift */,
				22588CF92813364500661012 /* CounselorViewModel.swift */,
				22C653FB281CB16C007FACF4 /* ShiftViewModel.swift */,
			);
			path = "View Models";
			sourceTree = "<group>";
		};
		22956B5427FF636900F9AA46 = {
			isa = PBXGroup;
			children = (
				22956B5F27FF636900F9AA46 /* Fireside Locus */,
				22956B5E27FF636900F9AA46 /* Products */,
			);
			sourceTree = "<group>";
		};
		22956B5E27FF636900F9AA46 /* Products */ = {
			isa = PBXGroup;
			children = (
				22956B5D27FF636900F9AA46 /* Fireside Locus.app */,
			);
			name = Products;
			sourceTree = "<group>";
		};
		22956B5F27FF636900F9AA46 /* Fireside Locus */ = {
			isa = PBXGroup;
			children = (
				22C653F2281BA304007FACF4 /* Counselor Selection View Controllers */,
				22546075280DC171007EB1A4 /* View Models */,
				22E4FAF5280729E800EA194F /* Utilities */,
				22FAED702800EE0800A537F1 /* Table Methods */,
				22956B8027FF743800F9AA46 /* Views */,
				22956B7927FF68AE00F9AA46 /* Models */,
				22956B7627FF685E00F9AA46 /* View Controllers */,
				22956B6027FF636900F9AA46 /* AppDelegate.swift */,
				22956B6227FF636900F9AA46 /* SceneDelegate.swift */,
				22956B7427FF639D00F9AA46 /* ResourceRequest.swift */,
				22956B6627FF636900F9AA46 /* Main.storyboard */,
				22956B6927FF636A00F9AA46 /* Assets.xcassets */,
				22956B6B27FF636A00F9AA46 /* LaunchScreen.storyboard */,
				22956B6E27FF636A00F9AA46 /* Info.plist */,
				22E4FAFC28072B1800EA194F /* Login.storyboard */,
				22E4FB0A280BC2AE00EA194F /* FiresideLocusModel.xcdatamodeld */,
			);
			path = "Fireside Locus";
			sourceTree = "<group>";
		};
		22956B7627FF685E00F9AA46 /* View Controllers */ = {
			isa = PBXGroup;
			children = (
				22956B7727FF687800F9AA46 /* CampersTableViewController.swift */,
				22956B8127FFB17C00F9AA46 /* CamperDetailTableViewController.swift */,
				22FAED61280094F000A537F1 /* ScheduleViewController.swift */,
				22FAED682800CA1900A537F1 /* ScheduleDetailsTableViewController.swift */,
				22B212FC280331C7006BA092 /* FilteredCamperTableViewController.swift */,
				22E4FAFE28072C5B00EA194F /* LoginTableViewController.swift */,
				22E4FB042809CCE900EA194F /* AdminTableViewController.swift */,
				22588CEF281066D800661012 /* CounselorScheduleViewController.swift */,
				22DE2A52285BF05D00197973 /* SupervisionPrintViewController.swift */,
				22E584A8286203DB005A0F44 /* PrintSchedulesViewController.swift */,
				22FEDD642862B4C800ECEAE5 /* YesterdayViewController.swift */,
			);
			path = "View Controllers";
			sourceTree = "<group>";
		};
		22956B7927FF68AE00F9AA46 /* Models */ = {
			isa = PBXGroup;
			children = (
				22956B7A27FF68B800F9AA46 /* Campers.swift */,
				22956B7C27FF708700F9AA46 /* Groups.swift */,
				22956B7E27FF710800F9AA46 /* Cabin.swift */,
				22FAED662800BC1500A537F1 /* ScheduledEvent.swift */,
				22E4FAFA28072A5A00EA194F /* User.swift */,
				22588CF7281335A600661012 /* Counselor.swift */,
				22C653F9281CAD30007FACF4 /* Shift.swift */,
				22861D02284740A300CEFC57 /* DayOffConflict.swift */,
			);
			path = Models;
			sourceTree = "<group>";
		};
		22956B8027FF743800F9AA46 /* Views */ = {
			isa = PBXGroup;
			children = (
				22E584972862007C005A0F44 /* Print Shift Views */,
				22C653EA281B8A34007FACF4 /* FourCollectionViewCell.swift */,
				22C653EC281B8E3B007FACF4 /* TwoCollectionViewCell.swift */,
				22C653EE281B91FA007FACF4 /* OneCollectionViewCell.swift */,
				22C653F0281B9419007FACF4 /* DayCollectionViewCell.swift */,
				22A1467E281D968F0027CC7C /* ConcertCollectionViewCell.swift */,
				229B2E6728307F5B00335D71 /* CounselorOptionsTableViewCell.swift */,
				229B2E6828307F5B00335D71 /* CounselorOptionsTableViewCell.xib */,
				22861D0028471A2F00CEFC57 /* ThreeCollectionViewCell.swift */,
			);
			path = Views;
			sourceTree = "<group>";
		};
		22C653F2281BA304007FACF4 /* Counselor Selection View Controllers */ = {
			isa = PBXGroup;
			children = (
				22C653F3281BA31F007FACF4 /* ChooseFourTableViewController.swift */,
				22C653F5281BB014007FACF4 /* ChooseTwoTableViewController.swift */,
				22C653F7281C7E04007FACF4 /* ChooseOneTableViewController.swift */,
				22861CFE28470C0700CEFC57 /* DayOffTableViewController.swift */,
			);
			path = "Counselor Selection View Controllers";
			sourceTree = "<group>";
		};
		22E4FAF5280729E800EA194F /* Utilities */ = {
			isa = PBXGroup;
			children = (
				22E4FAF6280729F400EA194F /* Auth.swift */,
				22E4FAF828072A2000EA194F /* Auth+Keychain.swift */,
				22E4FB0028072E2700EA194F /* ErrorPresenter.swift */,
				22E4FB08280B891600EA194F /* DataStorage.swift */,
				2254607C280DC1B9007EB1A4 /* Binder.swift */,
				22E58473285D4BE8005A0F44 /* PDFCreator.swift */,
			);
			path = Utilities;
			sourceTree = "<group>";
		};
		22E584972862007C005A0F44 /* Print Shift Views */ = {
			isa = PBXGroup;
			children = (
				22E5849A286200A2005A0F44 /* ShiftCollectionViewCell.swift */,
				22E5849C286200B4005A0F44 /* CounselorSingleCollectionViewCell.swift */,
				22E5849E286200C0005A0F44 /* CounselorDoubleCollectionViewCell.swift */,
				22E584A0286200C8005A0F44 /* EveningActivityCollectionViewCell.swift */,
				22E584A2286201A3005A0F44 /* BlankCollectionViewCell.swift */,
				22E584A42862024F005A0F44 /* EveningActivityShiftCollectionViewCell.swift */,
				22E584A62862025A005A0F44 /* DoubleShiftCollectionViewCell.swift */,
				22FEDD54286205D100ECEAE5 /* DayLabelCollectionViewCell.swift */,
				22FEDD56286237C400ECEAE5 /* RecShiftCollectionViewCell.swift */,
				22FEDD58286237CC00ECEAE5 /* RecCounselorSingleCollectionViewCell.swift */,
				22FEDD5A286237D700ECEAE5 /* RecCounselorDoubleCollectionViewCell.swift */,
				22FEDD5C286237DF00ECEAE5 /* RecBlankCollectionViewCell.swift */,
				22FEDD5E286237F400ECEAE5 /* RecDoubleShiftCollectionViewCell.swift */,
				22FEDD602862380300ECEAE5 /* RecDayLableCollectionViewCell.swift */,
			);
			path = "Print Shift Views";
			sourceTree = "<group>";
		};
		22FAED702800EE0800A537F1 /* Table Methods */ = {
			isa = PBXGroup;
			children = (
				22FAED712800EE1600A537F1 /* CamperSearchDataSource.swift */,
				22FAED732800EE1D00A537F1 /* CamperSearchDelegate.swift */,
			);
			path = "Table Methods";
			sourceTree = "<group>";
		};
/* End PBXGroup section */

/* Begin PBXNativeTarget section */
		22956B5C27FF636900F9AA46 /* Fireside Locus */ = {
			isa = PBXNativeTarget;
			buildConfigurationList = 22956B7127FF636A00F9AA46 /* Build configuration list for PBXNativeTarget "Fireside Locus" */;
			buildPhases = (
				22956B5927FF636900F9AA46 /* Sources */,
				22956B5A27FF636900F9AA46 /* Frameworks */,
				22956B5B27FF636900F9AA46 /* Resources */,
			);
			buildRules = (
			);
			dependencies = (
			);
			name = "Fireside Locus";
			packageProductDependencies = (
				22956B842800935900F9AA46 /* CalendarKit */,
				229B2E6C2830928200335D71 /* RVS-AutofillTextField */,
			);
			productName = "Fireside Locus";
			productReference = 22956B5D27FF636900F9AA46 /* Fireside Locus.app */;
			productType = "com.apple.product-type.application";
		};
/* End PBXNativeTarget section */

/* Begin PBXProject section */
		22956B5527FF636900F9AA46 /* Project object */ = {
			isa = PBXProject;
			attributes = {
				BuildIndependentTargetsInParallel = 1;
				LastSwiftUpdateCheck = 1330;
				LastUpgradeCheck = 1330;
				TargetAttributes = {
					22956B5C27FF636900F9AA46 = {
						CreatedOnToolsVersion = 13.3;
					};
				};
			};
			buildConfigurationList = 22956B5827FF636900F9AA46 /* Build configuration list for PBXProject "Fireside Locus" */;
			compatibilityVersion = "Xcode 13.0";
			developmentRegion = en;
			hasScannedForEncodings = 0;
			knownRegions = (
				en,
				Base,
			);
			mainGroup = 22956B5427FF636900F9AA46;
			packageReferences = (
				22956B832800935900F9AA46 /* XCRemoteSwiftPackageReference "CalendarKit" */,
				229B2E6B2830928200335D71 /* XCRemoteSwiftPackageReference "RVS_AutofillTextField" */,
			);
			productRefGroup = 22956B5E27FF636900F9AA46 /* Products */;
			projectDirPath = "";
			projectRoot = "";
			targets = (
				22956B5C27FF636900F9AA46 /* Fireside Locus */,
			);
		};
/* End PBXProject section */

/* Begin PBXResourcesBuildPhase section */
		22956B5B27FF636900F9AA46 /* Resources */ = {
			isa = PBXResourcesBuildPhase;
			buildActionMask = 2147483647;
			files = (
				22E4FAFD28072B1800EA194F /* Login.storyboard in Resources */,
				229B2E6A28307F5B00335D71 /* CounselorOptionsTableViewCell.xib in Resources */,
				22956B6D27FF636A00F9AA46 /* LaunchScreen.storyboard in Resources */,
				22956B6A27FF636A00F9AA46 /* Assets.xcassets in Resources */,
				22956B6827FF636900F9AA46 /* Main.storyboard in Resources */,
			);
			runOnlyForDeploymentPostprocessing = 0;
		};
/* End PBXResourcesBuildPhase section */

/* Begin PBXSourcesBuildPhase section */
		22956B5927FF636900F9AA46 /* Sources */ = {
			isa = PBXSourcesBuildPhase;
			buildActionMask = 2147483647;
			files = (
				2254607B280DC18E007EB1A4 /* CounselorScheduleViewModel.swift in Sources */,
				22FAED722800EE1600A537F1 /* CamperSearchDataSource.swift in Sources */,
				22FAED692800CA1900A537F1 /* ScheduleDetailsTableViewController.swift in Sources */,
				2254607D280DC1B9007EB1A4 /* Binder.swift in Sources */,
				22B212FD280331C7006BA092 /* FilteredCamperTableViewController.swift in Sources */,
				22C653F6281BB014007FACF4 /* ChooseTwoTableViewController.swift in Sources */,
				22FEDD57286237C400ECEAE5 /* RecShiftCollectionViewCell.swift in Sources */,
				22956B7527FF639D00F9AA46 /* ResourceRequest.swift in Sources */,
				22E584A1286200C8005A0F44 /* EveningActivityCollectionViewCell.swift in Sources */,
				22E584A9286203DB005A0F44 /* PrintSchedulesViewController.swift in Sources */,
				22C653F8281C7E04007FACF4 /* ChooseOneTableViewController.swift in Sources */,
				22956B6127FF636900F9AA46 /* AppDelegate.swift in Sources */,
				22E4FB052809CCE900EA194F /* AdminTableViewController.swift in Sources */,
				22E4FAF7280729F400EA194F /* Auth.swift in Sources */,
				22E4FB0C280BC2AE00EA194F /* FiresideLocusModel.xcdatamodeld in Sources */,
				22588CF8281335A600661012 /* Counselor.swift in Sources */,
				22E5849F286200C0005A0F44 /* CounselorDoubleCollectionViewCell.swift in Sources */,
				22861D0128471A2F00CEFC57 /* ThreeCollectionViewCell.swift in Sources */,
				22E584A3286201A3005A0F44 /* BlankCollectionViewCell.swift in Sources */,
				22C653FC281CB16C007FACF4 /* ShiftViewModel.swift in Sources */,
				22FEDD5F286237F400ECEAE5 /* RecDoubleShiftCollectionViewCell.swift in Sources */,
				22588CF0281066D800661012 /* CounselorScheduleViewController.swift in Sources */,
				22861CFF28470C0700CEFC57 /* DayOffTableViewController.swift in Sources */,
				22956B8227FFB17C00F9AA46 /* CamperDetailTableViewController.swift in Sources */,
				22E4FAF928072A2000EA194F /* Auth+Keychain.swift in Sources */,
				22FAED742800EE1D00A537F1 /* CamperSearchDelegate.swift in Sources */,
				22E5849B286200A2005A0F44 /* ShiftCollectionViewCell.swift in Sources */,
				22C653EF281B91FA007FACF4 /* OneCollectionViewCell.swift in Sources */,
				22FAED62280094F000A537F1 /* ScheduleViewController.swift in Sources */,
				22FEDD5B286237D700ECEAE5 /* RecCounselorDoubleCollectionViewCell.swift in Sources */,
				22FEDD652862B4C800ECEAE5 /* YesterdayViewController.swift in Sources */,
				22588CFA2813364500661012 /* CounselorViewModel.swift in Sources */,
				22C653F4281BA31F007FACF4 /* ChooseFourTableViewController.swift in Sources */,
				22861D03284740A300CEFC57 /* DayOffConflict.swift in Sources */,
				22C653F1281B9419007FACF4 /* DayCollectionViewCell.swift in Sources */,
				22C653FA281CAD30007FACF4 /* Shift.swift in Sources */,
				22E584A72862025A005A0F44 /* DoubleShiftCollectionViewCell.swift in Sources */,
				22E4FB0128072E2700EA194F /* ErrorPresenter.swift in Sources */,
				22FEDD612862380300ECEAE5 /* RecDayLableCollectionViewCell.swift in Sources */,
				22E584A52862024F005A0F44 /* EveningActivityShiftCollectionViewCell.swift in Sources */,
				22546079280DC183007EB1A4 /* EventViewModel.swift in Sources */,
				22FEDD55286205D100ECEAE5 /* DayLabelCollectionViewCell.swift in Sources */,
				22546077280DC17C007EB1A4 /* CamperViewModel.swift in Sources */,
				22DE2A53285BF05D00197973 /* SupervisionPrintViewController.swift in Sources */,
				22E4FB09280B891600EA194F /* DataStorage.swift in Sources */,
				22956B7F27FF710800F9AA46 /* Cabin.swift in Sources */,
				22A1467F281D968F0027CC7C /* ConcertCollectionViewCell.swift in Sources */,
				22E4FAFF28072C5B00EA194F /* LoginTableViewController.swift in Sources */,
				22E5849D286200B4005A0F44 /* CounselorSingleCollectionViewCell.swift in Sources */,
				22FEDD5D286237DF00ECEAE5 /* RecBlankCollectionViewCell.swift in Sources */,
				22956B7827FF687800F9AA46 /* CampersTableViewController.swift in Sources */,
				22C653EB281B8A34007FACF4 /* FourCollectionViewCell.swift in Sources */,
				22956B6327FF636900F9AA46 /* SceneDelegate.swift in Sources */,
				22C653ED281B8E3B007FACF4 /* TwoCollectionViewCell.swift in Sources */,
				22956B7B27FF68B800F9AA46 /* Campers.swift in Sources */,
				22FEDD59286237CC00ECEAE5 /* RecCounselorSingleCollectionViewCell.swift in Sources */,
				22FAED672800BC1500A537F1 /* ScheduledEvent.swift in Sources */,
				22E4FAFB28072A5A00EA194F /* User.swift in Sources */,
				22956B7D27FF708700F9AA46 /* Groups.swift in Sources */,
				229B2E6928307F5B00335D71 /* CounselorOptionsTableViewCell.swift in Sources */,
				22E58474285D4BE8005A0F44 /* PDFCreator.swift in Sources */,
			);
			runOnlyForDeploymentPostprocessing = 0;
		};
/* End PBXSourcesBuildPhase section */

/* Begin PBXVariantGroup section */
		22956B6627FF636900F9AA46 /* Main.storyboard */ = {
			isa = PBXVariantGroup;
			children = (
				22956B6727FF636900F9AA46 /* Base */,
			);
			name = Main.storyboard;
			sourceTree = "<group>";
		};
		22956B6B27FF636A00F9AA46 /* LaunchScreen.storyboard */ = {
			isa = PBXVariantGroup;
			children = (
				22956B6C27FF636A00F9AA46 /* Base */,
			);
			name = LaunchScreen.storyboard;
			sourceTree = "<group>";
		};
/* End PBXVariantGroup section */

/* Begin XCBuildConfiguration section */
		22956B6F27FF636A00F9AA46 /* Debug */ = {
			isa = XCBuildConfiguration;
			buildSettings = {
				ALWAYS_SEARCH_USER_PATHS = NO;
				CLANG_ANALYZER_NONNULL = YES;
				CLANG_ANALYZER_NUMBER_OBJECT_CONVERSION = YES_AGGRESSIVE;
				CLANG_CXX_LANGUAGE_STANDARD = "gnu++17";
				CLANG_ENABLE_MODULES = YES;
				CLANG_ENABLE_OBJC_ARC = YES;
				CLANG_ENABLE_OBJC_WEAK = YES;
				CLANG_WARN_BLOCK_CAPTURE_AUTORELEASING = YES;
				CLANG_WARN_BOOL_CONVERSION = YES;
				CLANG_WARN_COMMA = YES;
				CLANG_WARN_CONSTANT_CONVERSION = YES;
				CLANG_WARN_DEPRECATED_OBJC_IMPLEMENTATIONS = YES;
				CLANG_WARN_DIRECT_OBJC_ISA_USAGE = YES_ERROR;
				CLANG_WARN_DOCUMENTATION_COMMENTS = YES;
				CLANG_WARN_EMPTY_BODY = YES;
				CLANG_WARN_ENUM_CONVERSION = YES;
				CLANG_WARN_INFINITE_RECURSION = YES;
				CLANG_WARN_INT_CONVERSION = YES;
				CLANG_WARN_NON_LITERAL_NULL_CONVERSION = YES;
				CLANG_WARN_OBJC_IMPLICIT_RETAIN_SELF = YES;
				CLANG_WARN_OBJC_LITERAL_CONVERSION = YES;
				CLANG_WARN_OBJC_ROOT_CLASS = YES_ERROR;
				CLANG_WARN_QUOTED_INCLUDE_IN_FRAMEWORK_HEADER = YES;
				CLANG_WARN_RANGE_LOOP_ANALYSIS = YES;
				CLANG_WARN_STRICT_PROTOTYPES = YES;
				CLANG_WARN_SUSPICIOUS_MOVE = YES;
				CLANG_WARN_UNGUARDED_AVAILABILITY = YES_AGGRESSIVE;
				CLANG_WARN_UNREACHABLE_CODE = YES;
				CLANG_WARN__DUPLICATE_METHOD_MATCH = YES;
				COPY_PHASE_STRIP = NO;
				DEBUG_INFORMATION_FORMAT = dwarf;
				ENABLE_STRICT_OBJC_MSGSEND = YES;
				ENABLE_TESTABILITY = YES;
				GCC_C_LANGUAGE_STANDARD = gnu11;
				GCC_DYNAMIC_NO_PIC = NO;
				GCC_NO_COMMON_BLOCKS = YES;
				GCC_OPTIMIZATION_LEVEL = 0;
				GCC_PREPROCESSOR_DEFINITIONS = (
					"DEBUG=1",
					"$(inherited)",
				);
				GCC_WARN_64_TO_32_BIT_CONVERSION = YES;
				GCC_WARN_ABOUT_RETURN_TYPE = YES_ERROR;
				GCC_WARN_UNDECLARED_SELECTOR = YES;
				GCC_WARN_UNINITIALIZED_AUTOS = YES_AGGRESSIVE;
				GCC_WARN_UNUSED_FUNCTION = YES;
				GCC_WARN_UNUSED_VARIABLE = YES;
				IPHONEOS_DEPLOYMENT_TARGET = 15.4;
				MTL_ENABLE_DEBUG_INFO = INCLUDE_SOURCE;
				MTL_FAST_MATH = YES;
				ONLY_ACTIVE_ARCH = YES;
				SDKROOT = iphoneos;
				SWIFT_ACTIVE_COMPILATION_CONDITIONS = DEBUG;
				SWIFT_OPTIMIZATION_LEVEL = "-Onone";
			};
			name = Debug;
		};
		22956B7027FF636A00F9AA46 /* Release */ = {
			isa = XCBuildConfiguration;
			buildSettings = {
				ALWAYS_SEARCH_USER_PATHS = NO;
				CLANG_ANALYZER_NONNULL = YES;
				CLANG_ANALYZER_NUMBER_OBJECT_CONVERSION = YES_AGGRESSIVE;
				CLANG_CXX_LANGUAGE_STANDARD = "gnu++17";
				CLANG_ENABLE_MODULES = YES;
				CLANG_ENABLE_OBJC_ARC = YES;
				CLANG_ENABLE_OBJC_WEAK = YES;
				CLANG_WARN_BLOCK_CAPTURE_AUTORELEASING = YES;
				CLANG_WARN_BOOL_CONVERSION = YES;
				CLANG_WARN_COMMA = YES;
				CLANG_WARN_CONSTANT_CONVERSION = YES;
				CLANG_WARN_DEPRECATED_OBJC_IMPLEMENTATIONS = YES;
				CLANG_WARN_DIRECT_OBJC_ISA_USAGE = YES_ERROR;
				CLANG_WARN_DOCUMENTATION_COMMENTS = YES;
				CLANG_WARN_EMPTY_BODY = YES;
				CLANG_WARN_ENUM_CONVERSION = YES;
				CLANG_WARN_INFINITE_RECURSION = YES;
				CLANG_WARN_INT_CONVERSION = YES;
				CLANG_WARN_NON_LITERAL_NULL_CONVERSION = YES;
				CLANG_WARN_OBJC_IMPLICIT_RETAIN_SELF = YES;
				CLANG_WARN_OBJC_LITERAL_CONVERSION = YES;
				CLANG_WARN_OBJC_ROOT_CLASS = YES_ERROR;
				CLANG_WARN_QUOTED_INCLUDE_IN_FRAMEWORK_HEADER = YES;
				CLANG_WARN_RANGE_LOOP_ANALYSIS = YES;
				CLANG_WARN_STRICT_PROTOTYPES = YES;
				CLANG_WARN_SUSPICIOUS_MOVE = YES;
				CLANG_WARN_UNGUARDED_AVAILABILITY = YES_AGGRESSIVE;
				CLANG_WARN_UNREACHABLE_CODE = YES;
				CLANG_WARN__DUPLICATE_METHOD_MATCH = YES;
				COPY_PHASE_STRIP = NO;
				DEBUG_INFORMATION_FORMAT = "dwarf-with-dsym";
				ENABLE_NS_ASSERTIONS = NO;
				ENABLE_STRICT_OBJC_MSGSEND = YES;
				GCC_C_LANGUAGE_STANDARD = gnu11;
				GCC_NO_COMMON_BLOCKS = YES;
				GCC_WARN_64_TO_32_BIT_CONVERSION = YES;
				GCC_WARN_ABOUT_RETURN_TYPE = YES_ERROR;
				GCC_WARN_UNDECLARED_SELECTOR = YES;
				GCC_WARN_UNINITIALIZED_AUTOS = YES_AGGRESSIVE;
				GCC_WARN_UNUSED_FUNCTION = YES;
				GCC_WARN_UNUSED_VARIABLE = YES;
				IPHONEOS_DEPLOYMENT_TARGET = 15.4;
				MTL_ENABLE_DEBUG_INFO = NO;
				MTL_FAST_MATH = YES;
				SDKROOT = iphoneos;
				SWIFT_COMPILATION_MODE = wholemodule;
				SWIFT_OPTIMIZATION_LEVEL = "-O";
				VALIDATE_PRODUCT = YES;
			};
			name = Release;
		};
		22956B7227FF636A00F9AA46 /* Debug */ = {
			isa = XCBuildConfiguration;
			buildSettings = {
				ASSETCATALOG_COMPILER_APPICON_NAME = AppIcon;
				ASSETCATALOG_COMPILER_GLOBAL_ACCENT_COLOR_NAME = AccentColor;
				CODE_SIGN_STYLE = Automatic;
				CURRENT_PROJECT_VERSION = 3;
				DEVELOPMENT_TEAM = 89JNN3239D;
				GENERATE_INFOPLIST_FILE = YES;
				INFOPLIST_FILE = "Fireside Locus/Info.plist";
				INFOPLIST_KEY_UIApplicationSupportsIndirectInputEvents = YES;
				INFOPLIST_KEY_UILaunchStoryboardName = LaunchScreen;
				INFOPLIST_KEY_UIMainStoryboardFile = Main;
				INFOPLIST_KEY_UISupportedInterfaceOrientations = UIInterfaceOrientationPortrait;
				INFOPLIST_KEY_UISupportedInterfaceOrientations_iPad = "UIInterfaceOrientationPortrait UIInterfaceOrientationPortraitUpsideDown UIInterfaceOrientationLandscapeLeft UIInterfaceOrientationLandscapeRight";
				INFOPLIST_KEY_UISupportedInterfaceOrientations_iPhone = "UIInterfaceOrientationPortrait UIInterfaceOrientationLandscapeLeft UIInterfaceOrientationLandscapeRight";
				LD_RUNPATH_SEARCH_PATHS = (
					"$(inherited)",
					"@executable_path/Frameworks",
				);
				MARKETING_VERSION = 1.0;
				PRODUCT_BUNDLE_IDENTIFIER = "com.timbausch.Fireside-Locus";
				PRODUCT_NAME = "$(TARGET_NAME)";
				SWIFT_EMIT_LOC_STRINGS = YES;
				SWIFT_VERSION = 5.0;
				TARGETED_DEVICE_FAMILY = "1,2";
			};
			name = Debug;
		};
		22956B7327FF636A00F9AA46 /* Release */ = {
			isa = XCBuildConfiguration;
			buildSettings = {
				ASSETCATALOG_COMPILER_APPICON_NAME = AppIcon;
				ASSETCATALOG_COMPILER_GLOBAL_ACCENT_COLOR_NAME = AccentColor;
				CODE_SIGN_STYLE = Automatic;
				CURRENT_PROJECT_VERSION = 3;
				DEVELOPMENT_TEAM = 89JNN3239D;
				GENERATE_INFOPLIST_FILE = YES;
				INFOPLIST_FILE = "Fireside Locus/Info.plist";
				INFOPLIST_KEY_UIApplicationSupportsIndirectInputEvents = YES;
				INFOPLIST_KEY_UILaunchStoryboardName = LaunchScreen;
				INFOPLIST_KEY_UIMainStoryboardFile = Main;
				INFOPLIST_KEY_UISupportedInterfaceOrientations = UIInterfaceOrientationPortrait;
				INFOPLIST_KEY_UISupportedInterfaceOrientations_iPad = "UIInterfaceOrientationPortrait UIInterfaceOrientationPortraitUpsideDown UIInterfaceOrientationLandscapeLeft UIInterfaceOrientationLandscapeRight";
				INFOPLIST_KEY_UISupportedInterfaceOrientations_iPhone = "UIInterfaceOrientationPortrait UIInterfaceOrientationLandscapeLeft UIInterfaceOrientationLandscapeRight";
				LD_RUNPATH_SEARCH_PATHS = (
					"$(inherited)",
					"@executable_path/Frameworks",
				);
				MARKETING_VERSION = 1.0;
				PRODUCT_BUNDLE_IDENTIFIER = "com.timbausch.Fireside-Locus";
				PRODUCT_NAME = "$(TARGET_NAME)";
				SWIFT_EMIT_LOC_STRINGS = YES;
				SWIFT_VERSION = 5.0;
				TARGETED_DEVICE_FAMILY = "1,2";
			};
			name = Release;
		};
/* End XCBuildConfiguration section */

/* Begin XCConfigurationList section */
		22956B5827FF636900F9AA46 /* Build configuration list for PBXProject "Fireside Locus" */ = {
			isa = XCConfigurationList;
			buildConfigurations = (
				22956B6F27FF636A00F9AA46 /* Debug */,
				22956B7027FF636A00F9AA46 /* Release */,
			);
			defaultConfigurationIsVisible = 0;
			defaultConfigurationName = Release;
		};
		22956B7127FF636A00F9AA46 /* Build configuration list for PBXNativeTarget "Fireside Locus" */ = {
			isa = XCConfigurationList;
			buildConfigurations = (
				22956B7227FF636A00F9AA46 /* Debug */,
				22956B7327FF636A00F9AA46 /* Release */,
			);
			defaultConfigurationIsVisible = 0;
			defaultConfigurationName = Release;
		};
/* End XCConfigurationList section */

/* Begin XCRemoteSwiftPackageReference section */
		22956B832800935900F9AA46 /* XCRemoteSwiftPackageReference "CalendarKit" */ = {
			isa = XCRemoteSwiftPackageReference;
			repositoryURL = "https://github.com/richardtop/CalendarKit.git";
			requirement = {
				kind = upToNextMajorVersion;
				minimumVersion = 1.0.0;
			};
		};
		229B2E6B2830928200335D71 /* XCRemoteSwiftPackageReference "RVS_AutofillTextField" */ = {
			isa = XCRemoteSwiftPackageReference;
			repositoryURL = "https://github.com/RiftValleySoftware/RVS_AutofillTextField.git";
			requirement = {
				kind = upToNextMajorVersion;
				minimumVersion = 1.0.0;
			};
		};
/* End XCRemoteSwiftPackageReference section */

/* Begin XCSwiftPackageProductDependency section */
		22956B842800935900F9AA46 /* CalendarKit */ = {
			isa = XCSwiftPackageProductDependency;
			package = 22956B832800935900F9AA46 /* XCRemoteSwiftPackageReference "CalendarKit" */;
			productName = CalendarKit;
		};
		229B2E6C2830928200335D71 /* RVS-AutofillTextField */ = {
			isa = XCSwiftPackageProductDependency;
			package = 229B2E6B2830928200335D71 /* XCRemoteSwiftPackageReference "RVS_AutofillTextField" */;
			productName = "RVS-AutofillTextField";
		};
/* End XCSwiftPackageProductDependency section */

/* Begin XCVersionGroup section */
		22E4FB0A280BC2AE00EA194F /* FiresideLocusModel.xcdatamodeld */ = {
			isa = XCVersionGroup;
			children = (
				22E4FB0B280BC2AE00EA194F /* FiresideLocusModel.xcdatamodel */,
			);
			currentVersion = 22E4FB0B280BC2AE00EA194F /* FiresideLocusModel.xcdatamodel */;
			path = FiresideLocusModel.xcdatamodeld;
			sourceTree = "<group>";
			versionGroupType = wrapper.xcdatamodel;
		};
/* End XCVersionGroup section */
	};
	rootObject = 22956B5527FF636900F9AA46 /* Project object */;
}
