// !$*UTF8*$!
{
	archiveVersion = 1;
	classes = {
	};
	objectVersion = 55;
	objects = {

/* Begin PBXBuildFile section */
		22956B6127FF636900F9AA46 /* AppDelegate.swift in Sources */ = {isa = PBXBuildFile; fileRef = 22956B6027FF636900F9AA46 /* AppDelegate.swift */; };
		22956B6327FF636900F9AA46 /* SceneDelegate.swift in Sources */ = {isa = PBXBuildFile; fileRef = 22956B6227FF636900F9AA46 /* SceneDelegate.swift */; };
		22956B6827FF636900F9AA46 /* Main.storyboard in Resources */ = {isa = PBXBuildFile; fileRef = 22956B6627FF636900F9AA46 /* Main.storyboard */; };
		22956B6A27FF636A00F9AA46 /* Assets.xcassets in Resources */ = {isa = PBXBuildFile; fileRef = 22956B6927FF636A00F9AA46 /* Assets.xcassets */; };
		22956B6D27FF636A00F9AA46 /* LaunchScreen.storyboard in Resources */ = {isa = PBXBuildFile; fileRef = 22956B6B27FF636A00F9AA46 /* LaunchScreen.storyboard */; };
		22956B7527FF639D00F9AA46 /* ResourceRequest.swift in Sources */ = {isa = PBXBuildFile; fileRef = 22956B7427FF639D00F9AA46 /* ResourceRequest.swift */; };
		22956B7827FF687800F9AA46 /* CampersTableViewController.swift in Sources */ = {isa = PBXBuildFile; fileRef = 22956B7727FF687800F9AA46 /* CampersTableViewController.swift */; };
		22956B7B27FF68B800F9AA46 /* Campers.swift in Sources */ = {isa = PBXBuildFile; fileRef = 22956B7A27FF68B800F9AA46 /* Campers.swift */; };
		22956B7D27FF708700F9AA46 /* Groups.swift in Sources */ = {isa = PBXBuildFile; fileRef = 22956B7C27FF708700F9AA46 /* Groups.swift */; };
		22956B7F27FF710800F9AA46 /* Cabin.swift in Sources */ = {isa = PBXBuildFile; fileRef = 22956B7E27FF710800F9AA46 /* Cabin.swift */; };
		22956B8227FFB17C00F9AA46 /* CamperDetailTableViewController.swift in Sources */ = {isa = PBXBuildFile; fileRef = 22956B8127FFB17C00F9AA46 /* CamperDetailTableViewController.swift */; };
		22956B852800935900F9AA46 /* CalendarKit in Frameworks */ = {isa = PBXBuildFile; productRef = 22956B842800935900F9AA46 /* CalendarKit */; };
		22FAED62280094F000A537F1 /* ScheduleViewController.swift in Sources */ = {isa = PBXBuildFile; fileRef = 22FAED61280094F000A537F1 /* ScheduleViewController.swift */; };
		22FAED672800BC1500A537F1 /* ScheduledEvent.swift in Sources */ = {isa = PBXBuildFile; fileRef = 22FAED662800BC1500A537F1 /* ScheduledEvent.swift */; };
		22FAED692800CA1900A537F1 /* ScheduleDetailsTableViewController.swift in Sources */ = {isa = PBXBuildFile; fileRef = 22FAED682800CA1900A537F1 /* ScheduleDetailsTableViewController.swift */; };
		22FAED722800EE1600A537F1 /* CamperSearchDataSource.swift in Sources */ = {isa = PBXBuildFile; fileRef = 22FAED712800EE1600A537F1 /* CamperSearchDataSource.swift */; };
		22FAED742800EE1D00A537F1 /* CamperSearchDelegate.swift in Sources */ = {isa = PBXBuildFile; fileRef = 22FAED732800EE1D00A537F1 /* CamperSearchDelegate.swift */; };
/* End PBXBuildFile section */

/* Begin PBXFileReference section */
		22956B5D27FF636900F9AA46 /* Fireside Locus.app */ = {isa = PBXFileReference; explicitFileType = wrapper.application; includeInIndex = 0; path = "Fireside Locus.app"; sourceTree = BUILT_PRODUCTS_DIR; };
		22956B6027FF636900F9AA46 /* AppDelegate.swift */ = {isa = PBXFileReference; lastKnownFileType = sourcecode.swift; path = AppDelegate.swift; sourceTree = "<group>"; };
		22956B6227FF636900F9AA46 /* SceneDelegate.swift */ = {isa = PBXFileReference; lastKnownFileType = sourcecode.swift; path = SceneDelegate.swift; sourceTree = "<group>"; };
		22956B6727FF636900F9AA46 /* Base */ = {isa = PBXFileReference; lastKnownFileType = file.storyboard; name = Base; path = Base.lproj/Main.storyboard; sourceTree = "<group>"; };
		22956B6927FF636A00F9AA46 /* Assets.xcassets */ = {isa = PBXFileReference; lastKnownFileType = folder.assetcatalog; path = Assets.xcassets; sourceTree = "<group>"; };
		22956B6C27FF636A00F9AA46 /* Base */ = {isa = PBXFileReference; lastKnownFileType = file.storyboard; name = Base; path = Base.lproj/LaunchScreen.storyboard; sourceTree = "<group>"; };
		22956B6E27FF636A00F9AA46 /* Info.plist */ = {isa = PBXFileReference; lastKnownFileType = text.plist.xml; path = Info.plist; sourceTree = "<group>"; };
		22956B7427FF639D00F9AA46 /* ResourceRequest.swift */ = {isa = PBXFileReference; lastKnownFileType = sourcecode.swift; path = ResourceRequest.swift; sourceTree = "<group>"; };
		22956B7727FF687800F9AA46 /* CampersTableViewController.swift */ = {isa = PBXFileReference; lastKnownFileType = sourcecode.swift; path = CampersTableViewController.swift; sourceTree = "<group>"; };
		22956B7A27FF68B800F9AA46 /* Campers.swift */ = {isa = PBXFileReference; lastKnownFileType = sourcecode.swift; path = Campers.swift; sourceTree = "<group>"; };
		22956B7C27FF708700F9AA46 /* Groups.swift */ = {isa = PBXFileReference; lastKnownFileType = sourcecode.swift; path = Groups.swift; sourceTree = "<group>"; };
		22956B7E27FF710800F9AA46 /* Cabin.swift */ = {isa = PBXFileReference; lastKnownFileType = sourcecode.swift; path = Cabin.swift; sourceTree = "<group>"; };
		22956B8127FFB17C00F9AA46 /* CamperDetailTableViewController.swift */ = {isa = PBXFileReference; lastKnownFileType = sourcecode.swift; path = CamperDetailTableViewController.swift; sourceTree = "<group>"; };
		22FAED61280094F000A537F1 /* ScheduleViewController.swift */ = {isa = PBXFileReference; lastKnownFileType = sourcecode.swift; path = ScheduleViewController.swift; sourceTree = "<group>"; };
		22FAED662800BC1500A537F1 /* ScheduledEvent.swift */ = {isa = PBXFileReference; lastKnownFileType = sourcecode.swift; path = ScheduledEvent.swift; sourceTree = "<group>"; };
		22FAED682800CA1900A537F1 /* ScheduleDetailsTableViewController.swift */ = {isa = PBXFileReference; lastKnownFileType = sourcecode.swift; path = ScheduleDetailsTableViewController.swift; sourceTree = "<group>"; };
		22FAED712800EE1600A537F1 /* CamperSearchDataSource.swift */ = {isa = PBXFileReference; lastKnownFileType = sourcecode.swift; path = CamperSearchDataSource.swift; sourceTree = "<group>"; };
		22FAED732800EE1D00A537F1 /* CamperSearchDelegate.swift */ = {isa = PBXFileReference; lastKnownFileType = sourcecode.swift; path = CamperSearchDelegate.swift; sourceTree = "<group>"; };
/* End PBXFileReference section */

/* Begin PBXFrameworksBuildPhase section */
		22956B5A27FF636900F9AA46 /* Frameworks */ = {
			isa = PBXFrameworksBuildPhase;
			buildActionMask = 2147483647;
			files = (
				22956B852800935900F9AA46 /* CalendarKit in Frameworks */,
			);
			runOnlyForDeploymentPostprocessing = 0;
		};
/* End PBXFrameworksBuildPhase section */

/* Begin PBXGroup section */
		22956B5427FF636900F9AA46 = {
			isa = PBXGroup;
			children = (
				22956B5F27FF636900F9AA46 /* Fireside Locus */,
				22956B5E27FF636900F9AA46 /* Products */,
			);
			sourceTree = "<group>";
		};
		22956B5E27FF636900F9AA46 /* Products */ = {
			isa = PBXGroup;
			children = (
				22956B5D27FF636900F9AA46 /* Fireside Locus.app */,
			);
			name = Products;
			sourceTree = "<group>";
		};
		22956B5F27FF636900F9AA46 /* Fireside Locus */ = {
			isa = PBXGroup;
			children = (
				22FAED702800EE0800A537F1 /* Table Methods */,
				22956B8027FF743800F9AA46 /* Views */,
				22956B7927FF68AE00F9AA46 /* Models */,
				22956B7627FF685E00F9AA46 /* View Controllers */,
				22956B6027FF636900F9AA46 /* AppDelegate.swift */,
				22956B6227FF636900F9AA46 /* SceneDelegate.swift */,
				22956B7427FF639D00F9AA46 /* ResourceRequest.swift */,
				22956B6627FF636900F9AA46 /* Main.storyboard */,
				22956B6927FF636A00F9AA46 /* Assets.xcassets */,
				22956B6B27FF636A00F9AA46 /* LaunchScreen.storyboard */,
				22956B6E27FF636A00F9AA46 /* Info.plist */,
			);
			path = "Fireside Locus";
			sourceTree = "<group>";
		};
		22956B7627FF685E00F9AA46 /* View Controllers */ = {
			isa = PBXGroup;
			children = (
				22956B7727FF687800F9AA46 /* CampersTableViewController.swift */,
				22956B8127FFB17C00F9AA46 /* CamperDetailTableViewController.swift */,
				22FAED61280094F000A537F1 /* ScheduleViewController.swift */,
				22FAED682800CA1900A537F1 /* ScheduleDetailsTableViewController.swift */,
			);
			path = "View Controllers";
			sourceTree = "<group>";
		};
		22956B7927FF68AE00F9AA46 /* Models */ = {
			isa = PBXGroup;
			children = (
				22956B7A27FF68B800F9AA46 /* Campers.swift */,
				22956B7C27FF708700F9AA46 /* Groups.swift */,
				22956B7E27FF710800F9AA46 /* Cabin.swift */,
				22FAED662800BC1500A537F1 /* ScheduledEvent.swift */,
			);
			path = Models;
			sourceTree = "<group>";
		};
		22956B8027FF743800F9AA46 /* Views */ = {
			isa = PBXGroup;
			children = (
			);
			path = Views;
			sourceTree = "<group>";
		};
		22FAED702800EE0800A537F1 /* Table Methods */ = {
			isa = PBXGroup;
			children = (
				22FAED712800EE1600A537F1 /* CamperSearchDataSource.swift */,
				22FAED732800EE1D00A537F1 /* CamperSearchDelegate.swift */,
			);
			path = "Table Methods";
			sourceTree = "<group>";
		};
/* End PBXGroup section */

/* Begin PBXNativeTarget section */
		22956B5C27FF636900F9AA46 /* Fireside Locus */ = {
			isa = PBXNativeTarget;
			buildConfigurationList = 22956B7127FF636A00F9AA46 /* Build configuration list for PBXNativeTarget "Fireside Locus" */;
			buildPhases = (
				22956B5927FF636900F9AA46 /* Sources */,
				22956B5A27FF636900F9AA46 /* Frameworks */,
				22956B5B27FF636900F9AA46 /* Resources */,
			);
			buildRules = (
			);
			dependencies = (
			);
			name = "Fireside Locus";
			packageProductDependencies = (
				22956B842800935900F9AA46 /* CalendarKit */,
			);
			productName = "Fireside Locus";
			productReference = 22956B5D27FF636900F9AA46 /* Fireside Locus.app */;
			productType = "com.apple.product-type.application";
		};
/* End PBXNativeTarget section */

/* Begin PBXProject section */
		22956B5527FF636900F9AA46 /* Project object */ = {
			isa = PBXProject;
			attributes = {
				BuildIndependentTargetsInParallel = 1;
				LastSwiftUpdateCheck = 1330;
				LastUpgradeCheck = 1330;
				TargetAttributes = {
					22956B5C27FF636900F9AA46 = {
						CreatedOnToolsVersion = 13.3;
					};
				};
			};
			buildConfigurationList = 22956B5827FF636900F9AA46 /* Build configuration list for PBXProject "Fireside Locus" */;
			compatibilityVersion = "Xcode 13.0";
			developmentRegion = en;
			hasScannedForEncodings = 0;
			knownRegions = (
				en,
				Base,
			);
			mainGroup = 22956B5427FF636900F9AA46;
			packageReferences = (
				22956B832800935900F9AA46 /* XCRemoteSwiftPackageReference "CalendarKit" */,
			);
			productRefGroup = 22956B5E27FF636900F9AA46 /* Products */;
			projectDirPath = "";
			projectRoot = "";
			targets = (
				22956B5C27FF636900F9AA46 /* Fireside Locus */,
			);
		};
/* End PBXProject section */

/* Begin PBXResourcesBuildPhase section */
		22956B5B27FF636900F9AA46 /* Resources */ = {
			isa = PBXResourcesBuildPhase;
			buildActionMask = 2147483647;
			files = (
				22956B6D27FF636A00F9AA46 /* LaunchScreen.storyboard in Resources */,
				22956B6A27FF636A00F9AA46 /* Assets.xcassets in Resources */,
				22956B6827FF636900F9AA46 /* Main.storyboard in Resources */,
			);
			runOnlyForDeploymentPostprocessing = 0;
		};
/* End PBXResourcesBuildPhase section */

/* Begin PBXSourcesBuildPhase section */
		22956B5927FF636900F9AA46 /* Sources */ = {
			isa = PBXSourcesBuildPhase;
			buildActionMask = 2147483647;
			files = (
				22FAED722800EE1600A537F1 /* CamperSearchDataSource.swift in Sources */,
				22FAED692800CA1900A537F1 /* ScheduleDetailsTableViewController.swift in Sources */,
				22956B7527FF639D00F9AA46 /* ResourceRequest.swift in Sources */,
				22956B6127FF636900F9AA46 /* AppDelegate.swift in Sources */,
				22956B8227FFB17C00F9AA46 /* CamperDetailTableViewController.swift in Sources */,
				22FAED742800EE1D00A537F1 /* CamperSearchDelegate.swift in Sources */,
				22FAED62280094F000A537F1 /* ScheduleViewController.swift in Sources */,
				22956B7F27FF710800F9AA46 /* Cabin.swift in Sources */,
				22956B7827FF687800F9AA46 /* CampersTableViewController.swift in Sources */,
				22956B6327FF636900F9AA46 /* SceneDelegate.swift in Sources */,
				22956B7B27FF68B800F9AA46 /* Campers.swift in Sources */,
				22FAED672800BC1500A537F1 /* ScheduledEvent.swift in Sources */,
				22956B7D27FF708700F9AA46 /* Groups.swift in Sources */,
			);
			runOnlyForDeploymentPostprocessing = 0;
		};
/* End PBXSourcesBuildPhase section */

/* Begin PBXVariantGroup section */
		22956B6627FF636900F9AA46 /* Main.storyboard */ = {
			isa = PBXVariantGroup;
			children = (
				22956B6727FF636900F9AA46 /* Base */,
			);
			name = Main.storyboard;
			sourceTree = "<group>";
		};
		22956B6B27FF636A00F9AA46 /* LaunchScreen.storyboard */ = {
			isa = PBXVariantGroup;
			children = (
				22956B6C27FF636A00F9AA46 /* Base */,
			);
			name = LaunchScreen.storyboard;
			sourceTree = "<group>";
		};
/* End PBXVariantGroup section */

/* Begin XCBuildConfiguration section */
		22956B6F27FF636A00F9AA46 /* Debug */ = {
			isa = XCBuildConfiguration;
			buildSettings = {
				ALWAYS_SEARCH_USER_PATHS = NO;
				CLANG_ANALYZER_NONNULL = YES;
				CLANG_ANALYZER_NUMBER_OBJECT_CONVERSION = YES_AGGRESSIVE;
				CLANG_CXX_LANGUAGE_STANDARD = "gnu++17";
				CLANG_ENABLE_MODULES = YES;
				CLANG_ENABLE_OBJC_ARC = YES;
				CLANG_ENABLE_OBJC_WEAK = YES;
				CLANG_WARN_BLOCK_CAPTURE_AUTORELEASING = YES;
				CLANG_WARN_BOOL_CONVERSION = YES;
				CLANG_WARN_COMMA = YES;
				CLANG_WARN_CONSTANT_CONVERSION = YES;
				CLANG_WARN_DEPRECATED_OBJC_IMPLEMENTATIONS = YES;
				CLANG_WARN_DIRECT_OBJC_ISA_USAGE = YES_ERROR;
				CLANG_WARN_DOCUMENTATION_COMMENTS = YES;
				CLANG_WARN_EMPTY_BODY = YES;
				CLANG_WARN_ENUM_CONVERSION = YES;
				CLANG_WARN_INFINITE_RECURSION = YES;
				CLANG_WARN_INT_CONVERSION = YES;
				CLANG_WARN_NON_LITERAL_NULL_CONVERSION = YES;
				CLANG_WARN_OBJC_IMPLICIT_RETAIN_SELF = YES;
				CLANG_WARN_OBJC_LITERAL_CONVERSION = YES;
				CLANG_WARN_OBJC_ROOT_CLASS = YES_ERROR;
				CLANG_WARN_QUOTED_INCLUDE_IN_FRAMEWORK_HEADER = YES;
				CLANG_WARN_RANGE_LOOP_ANALYSIS = YES;
				CLANG_WARN_STRICT_PROTOTYPES = YES;
				CLANG_WARN_SUSPICIOUS_MOVE = YES;
				CLANG_WARN_UNGUARDED_AVAILABILITY = YES_AGGRESSIVE;
				CLANG_WARN_UNREACHABLE_CODE = YES;
				CLANG_WARN__DUPLICATE_METHOD_MATCH = YES;
				COPY_PHASE_STRIP = NO;
				DEBUG_INFORMATION_FORMAT = dwarf;
				ENABLE_STRICT_OBJC_MSGSEND = YES;
				ENABLE_TESTABILITY = YES;
				GCC_C_LANGUAGE_STANDARD = gnu11;
				GCC_DYNAMIC_NO_PIC = NO;
				GCC_NO_COMMON_BLOCKS = YES;
				GCC_OPTIMIZATION_LEVEL = 0;
				GCC_PREPROCESSOR_DEFINITIONS = (
					"DEBUG=1",
					"$(inherited)",
				);
				GCC_WARN_64_TO_32_BIT_CONVERSION = YES;
				GCC_WARN_ABOUT_RETURN_TYPE = YES_ERROR;
				GCC_WARN_UNDECLARED_SELECTOR = YES;
				GCC_WARN_UNINITIALIZED_AUTOS = YES_AGGRESSIVE;
				GCC_WARN_UNUSED_FUNCTION = YES;
				GCC_WARN_UNUSED_VARIABLE = YES;
				IPHONEOS_DEPLOYMENT_TARGET = 15.4;
				MTL_ENABLE_DEBUG_INFO = INCLUDE_SOURCE;
				MTL_FAST_MATH = YES;
				ONLY_ACTIVE_ARCH = YES;
				SDKROOT = iphoneos;
				SWIFT_ACTIVE_COMPILATION_CONDITIONS = DEBUG;
				SWIFT_OPTIMIZATION_LEVEL = "-Onone";
			};
			name = Debug;
		};
		22956B7027FF636A00F9AA46 /* Release */ = {
			isa = XCBuildConfiguration;
			buildSettings = {
				ALWAYS_SEARCH_USER_PATHS = NO;
				CLANG_ANALYZER_NONNULL = YES;
				CLANG_ANALYZER_NUMBER_OBJECT_CONVERSION = YES_AGGRESSIVE;
				CLANG_CXX_LANGUAGE_STANDARD = "gnu++17";
				CLANG_ENABLE_MODULES = YES;
				CLANG_ENABLE_OBJC_ARC = YES;
				CLANG_ENABLE_OBJC_WEAK = YES;
				CLANG_WARN_BLOCK_CAPTURE_AUTORELEASING = YES;
				CLANG_WARN_BOOL_CONVERSION = YES;
				CLANG_WARN_COMMA = YES;
				CLANG_WARN_CONSTANT_CONVERSION = YES;
				CLANG_WARN_DEPRECATED_OBJC_IMPLEMENTATIONS = YES;
				CLANG_WARN_DIRECT_OBJC_ISA_USAGE = YES_ERROR;
				CLANG_WARN_DOCUMENTATION_COMMENTS = YES;
				CLANG_WARN_EMPTY_BODY = YES;
				CLANG_WARN_ENUM_CONVERSION = YES;
				CLANG_WARN_INFINITE_RECURSION = YES;
				CLANG_WARN_INT_CONVERSION = YES;
				CLANG_WARN_NON_LITERAL_NULL_CONVERSION = YES;
				CLANG_WARN_OBJC_IMPLICIT_RETAIN_SELF = YES;
				CLANG_WARN_OBJC_LITERAL_CONVERSION = YES;
				CLANG_WARN_OBJC_ROOT_CLASS = YES_ERROR;
				CLANG_WARN_QUOTED_INCLUDE_IN_FRAMEWORK_HEADER = YES;
				CLANG_WARN_RANGE_LOOP_ANALYSIS = YES;
				CLANG_WARN_STRICT_PROTOTYPES = YES;
				CLANG_WARN_SUSPICIOUS_MOVE = YES;
				CLANG_WARN_UNGUARDED_AVAILABILITY = YES_AGGRESSIVE;
				CLANG_WARN_UNREACHABLE_CODE = YES;
				CLANG_WARN__DUPLICATE_METHOD_MATCH = YES;
				COPY_PHASE_STRIP = NO;
				DEBUG_INFORMATION_FORMAT = "dwarf-with-dsym";
				ENABLE_NS_ASSERTIONS = NO;
				ENABLE_STRICT_OBJC_MSGSEND = YES;
				GCC_C_LANGUAGE_STANDARD = gnu11;
				GCC_NO_COMMON_BLOCKS = YES;
				GCC_WARN_64_TO_32_BIT_CONVERSION = YES;
				GCC_WARN_ABOUT_RETURN_TYPE = YES_ERROR;
				GCC_WARN_UNDECLARED_SELECTOR = YES;
				GCC_WARN_UNINITIALIZED_AUTOS = YES_AGGRESSIVE;
				GCC_WARN_UNUSED_FUNCTION = YES;
				GCC_WARN_UNUSED_VARIABLE = YES;
				IPHONEOS_DEPLOYMENT_TARGET = 15.4;
				MTL_ENABLE_DEBUG_INFO = NO;
				MTL_FAST_MATH = YES;
				SDKROOT = iphoneos;
				SWIFT_COMPILATION_MODE = wholemodule;
				SWIFT_OPTIMIZATION_LEVEL = "-O";
				VALIDATE_PRODUCT = YES;
			};
			name = Release;
		};
		22956B7227FF636A00F9AA46 /* Debug */ = {
			isa = XCBuildConfiguration;
			buildSettings = {
				ASSETCATALOG_COMPILER_APPICON_NAME = AppIcon;
				ASSETCATALOG_COMPILER_GLOBAL_ACCENT_COLOR_NAME = AccentColor;
				CODE_SIGN_STYLE = Automatic;
				CURRENT_PROJECT_VERSION = 1;
				DEVELOPMENT_TEAM = 89JNN3239D;
				GENERATE_INFOPLIST_FILE = YES;
				INFOPLIST_FILE = "Fireside Locus/Info.plist";
				INFOPLIST_KEY_UIApplicationSupportsIndirectInputEvents = YES;
				INFOPLIST_KEY_UILaunchStoryboardName = LaunchScreen;
				INFOPLIST_KEY_UIMainStoryboardFile = Main;
				INFOPLIST_KEY_UISupportedInterfaceOrientations_iPad = "UIInterfaceOrientationPortrait UIInterfaceOrientationPortraitUpsideDown UIInterfaceOrientationLandscapeLeft UIInterfaceOrientationLandscapeRight";
				INFOPLIST_KEY_UISupportedInterfaceOrientations_iPhone = "UIInterfaceOrientationPortrait UIInterfaceOrientationLandscapeLeft UIInterfaceOrientationLandscapeRight";
				LD_RUNPATH_SEARCH_PATHS = (
					"$(inherited)",
					"@executable_path/Frameworks",
				);
				MARKETING_VERSION = 1.0;
				PRODUCT_BUNDLE_IDENTIFIER = "com.timbausch.Fireside-Locus";
				PRODUCT_NAME = "$(TARGET_NAME)";
				SWIFT_EMIT_LOC_STRINGS = YES;
				SWIFT_VERSION = 5.0;
				TARGETED_DEVICE_FAMILY = "1,2";
			};
			name = Debug;
		};
		22956B7327FF636A00F9AA46 /* Release */ = {
			isa = XCBuildConfiguration;
			buildSettings = {
				ASSETCATALOG_COMPILER_APPICON_NAME = AppIcon;
				ASSETCATALOG_COMPILER_GLOBAL_ACCENT_COLOR_NAME = AccentColor;
				CODE_SIGN_STYLE = Automatic;
				CURRENT_PROJECT_VERSION = 1;
				DEVELOPMENT_TEAM = 89JNN3239D;
				GENERATE_INFOPLIST_FILE = YES;
				INFOPLIST_FILE = "Fireside Locus/Info.plist";
				INFOPLIST_KEY_UIApplicationSupportsIndirectInputEvents = YES;
				INFOPLIST_KEY_UILaunchStoryboardName = LaunchScreen;
				INFOPLIST_KEY_UIMainStoryboardFile = Main;
				INFOPLIST_KEY_UISupportedInterfaceOrientations_iPad = "UIInterfaceOrientationPortrait UIInterfaceOrientationPortraitUpsideDown UIInterfaceOrientationLandscapeLeft UIInterfaceOrientationLandscapeRight";
				INFOPLIST_KEY_UISupportedInterfaceOrientations_iPhone = "UIInterfaceOrientationPortrait UIInterfaceOrientationLandscapeLeft UIInterfaceOrientationLandscapeRight";
				LD_RUNPATH_SEARCH_PATHS = (
					"$(inherited)",
					"@executable_path/Frameworks",
				);
				MARKETING_VERSION = 1.0;
				PRODUCT_BUNDLE_IDENTIFIER = "com.timbausch.Fireside-Locus";
				PRODUCT_NAME = "$(TARGET_NAME)";
				SWIFT_EMIT_LOC_STRINGS = YES;
				SWIFT_VERSION = 5.0;
				TARGETED_DEVICE_FAMILY = "1,2";
			};
			name = Release;
		};
/* End XCBuildConfiguration section */

/* Begin XCConfigurationList section */
		22956B5827FF636900F9AA46 /* Build configuration list for PBXProject "Fireside Locus" */ = {
			isa = XCConfigurationList;
			buildConfigurations = (
				22956B6F27FF636A00F9AA46 /* Debug */,
				22956B7027FF636A00F9AA46 /* Release */,
			);
			defaultConfigurationIsVisible = 0;
			defaultConfigurationName = Release;
		};
		22956B7127FF636A00F9AA46 /* Build configuration list for PBXNativeTarget "Fireside Locus" */ = {
			isa = XCConfigurationList;
			buildConfigurations = (
				22956B7227FF636A00F9AA46 /* Debug */,
				22956B7327FF636A00F9AA46 /* Release */,
			);
			defaultConfigurationIsVisible = 0;
			defaultConfigurationName = Release;
		};
/* End XCConfigurationList section */

/* Begin XCRemoteSwiftPackageReference section */
		22956B832800935900F9AA46 /* XCRemoteSwiftPackageReference "CalendarKit" */ = {
			isa = XCRemoteSwiftPackageReference;
			repositoryURL = "https://github.com/richardtop/CalendarKit.git";
			requirement = {
				kind = upToNextMajorVersion;
				minimumVersion = 1.0.0;
			};
		};
/* End XCRemoteSwiftPackageReference section */

/* Begin XCSwiftPackageProductDependency section */
		22956B842800935900F9AA46 /* CalendarKit */ = {
			isa = XCSwiftPackageProductDependency;
			package = 22956B832800935900F9AA46 /* XCRemoteSwiftPackageReference "CalendarKit" */;
			productName = CalendarKit;
		};
/* End XCSwiftPackageProductDependency section */
	};
	rootObject = 22956B5527FF636900F9AA46 /* Project object */;
}
